// !$*UTF8*$!
{
	archiveVersion = 1;
	classes = {
	};
	objectVersion = 50;
	objects = {

/* Begin PBXBuildFile section */
		3F15ED7C25C7F28E006D8B58 /* AppDelegate.swift in Sources */ = {isa = PBXBuildFile; fileRef = 3F15ED7B25C7F28E006D8B58 /* AppDelegate.swift */; };
		3F15ED7E25C7F28E006D8B58 /* SceneDelegate.swift in Sources */ = {isa = PBXBuildFile; fileRef = 3F15ED7D25C7F28E006D8B58 /* SceneDelegate.swift */; };
		3F15ED8025C7F28E006D8B58 /* NewsViewController.swift in Sources */ = {isa = PBXBuildFile; fileRef = 3F15ED7F25C7F28E006D8B58 /* NewsViewController.swift */; };
		3F15ED8825C7F2A5006D8B58 /* LaunchScreen.storyboard in Resources */ = {isa = PBXBuildFile; fileRef = 3F15ED8625C7F2A5006D8B58 /* LaunchScreen.storyboard */; };
		3F15EDD525C80DBE006D8B58 /* Assets.xcassets in Resources */ = {isa = PBXBuildFile; fileRef = 3F15EDD425C80DBE006D8B58 /* Assets.xcassets */; };
		3F15EDD725C8176F006D8B58 /* NewsPresenterTests.swift in Sources */ = {isa = PBXBuildFile; fileRef = 3F15EDD625C8176F006D8B58 /* NewsPresenterTests.swift */; };
		3F15EDD925C817F7006D8B58 /* NewsPresenter.swift in Sources */ = {isa = PBXBuildFile; fileRef = 3F15EDD825C817F7006D8B58 /* NewsPresenter.swift */; };
		3F15EDDE25C82C7D006D8B58 /* NewsViewSpy.swift in Sources */ = {isa = PBXBuildFile; fileRef = 3F15EDDD25C82C7D006D8B58 /* NewsViewSpy.swift */; };
/* End PBXBuildFile section */

/* Begin PBXContainerItemProxy section */
		3F15ED8F25C7F2A6006D8B58 /* PBXContainerItemProxy */ = {
			isa = PBXContainerItemProxy;
			containerPortal = 3F15ED7025C7F28E006D8B58 /* Project object */;
			proxyType = 1;
			remoteGlobalIDString = 3F15ED7725C7F28E006D8B58;
			remoteInfo = NewsApp;
		};
/* End PBXContainerItemProxy section */

/* Begin PBXFileReference section */
		3F15ED7825C7F28E006D8B58 /* NewsApp.app */ = {isa = PBXFileReference; explicitFileType = wrapper.application; includeInIndex = 0; path = NewsApp.app; sourceTree = BUILT_PRODUCTS_DIR; };
		3F15ED7B25C7F28E006D8B58 /* AppDelegate.swift */ = {isa = PBXFileReference; lastKnownFileType = sourcecode.swift; path = AppDelegate.swift; sourceTree = "<group>"; };
		3F15ED7D25C7F28E006D8B58 /* SceneDelegate.swift */ = {isa = PBXFileReference; lastKnownFileType = sourcecode.swift; path = SceneDelegate.swift; sourceTree = "<group>"; };
		3F15ED7F25C7F28E006D8B58 /* NewsViewController.swift */ = {isa = PBXFileReference; lastKnownFileType = sourcecode.swift; path = NewsViewController.swift; sourceTree = "<group>"; };
		3F15ED8725C7F2A5006D8B58 /* Base */ = {isa = PBXFileReference; lastKnownFileType = file.storyboard; name = Base; path = Base.lproj/LaunchScreen.storyboard; sourceTree = "<group>"; };
		3F15ED8925C7F2A5006D8B58 /* Info.plist */ = {isa = PBXFileReference; lastKnownFileType = text.plist.xml; path = Info.plist; sourceTree = "<group>"; };
		3F15ED8E25C7F2A6006D8B58 /* NewsAppTests.xctest */ = {isa = PBXFileReference; explicitFileType = wrapper.cfbundle; includeInIndex = 0; path = NewsAppTests.xctest; sourceTree = BUILT_PRODUCTS_DIR; };
		3F15ED9425C7F2A6006D8B58 /* Info.plist */ = {isa = PBXFileReference; lastKnownFileType = text.plist.xml; path = Info.plist; sourceTree = "<group>"; };
		3F15EDD425C80DBE006D8B58 /* Assets.xcassets */ = {isa = PBXFileReference; lastKnownFileType = folder.assetcatalog; path = Assets.xcassets; sourceTree = "<group>"; };
		3F15EDD625C8176F006D8B58 /* NewsPresenterTests.swift */ = {isa = PBXFileReference; lastKnownFileType = sourcecode.swift; path = NewsPresenterTests.swift; sourceTree = "<group>"; };
		3F15EDD825C817F7006D8B58 /* NewsPresenter.swift */ = {isa = PBXFileReference; lastKnownFileType = sourcecode.swift; path = NewsPresenter.swift; sourceTree = "<group>"; };
		3F15EDDD25C82C7D006D8B58 /* NewsViewSpy.swift */ = {isa = PBXFileReference; lastKnownFileType = sourcecode.swift; path = NewsViewSpy.swift; sourceTree = "<group>"; };
/* End PBXFileReference section */

/* Begin PBXFrameworksBuildPhase section */
		3F15ED7525C7F28E006D8B58 /* Frameworks */ = {
			isa = PBXFrameworksBuildPhase;
			buildActionMask = 2147483647;
			files = (
			);
			runOnlyForDeploymentPostprocessing = 0;
		};
		3F15ED8B25C7F2A6006D8B58 /* Frameworks */ = {
			isa = PBXFrameworksBuildPhase;
			buildActionMask = 2147483647;
			files = (
			);
			runOnlyForDeploymentPostprocessing = 0;
		};
/* End PBXFrameworksBuildPhase section */

/* Begin PBXGroup section */
		3F15ED6F25C7F28E006D8B58 = {
			isa = PBXGroup;
			children = (
				3F15ED7A25C7F28E006D8B58 /* NewsApp */,
				3F15ED9125C7F2A6006D8B58 /* NewsAppTests */,
				3F15ED7925C7F28E006D8B58 /* Products */,
			);
			sourceTree = "<group>";
		};
		3F15ED7925C7F28E006D8B58 /* Products */ = {
			isa = PBXGroup;
			children = (
				3F15ED7825C7F28E006D8B58 /* NewsApp.app */,
				3F15ED8E25C7F2A6006D8B58 /* NewsAppTests.xctest */,
			);
			name = Products;
			sourceTree = "<group>";
		};
		3F15ED7A25C7F28E006D8B58 /* NewsApp */ = {
			isa = PBXGroup;
			children = (
				3F15ED9D25C7FA9F006D8B58 /* App */,
				3F15ED9E25C7FABB006D8B58 /* Model */,
				3F15ED9F25C7FAC4006D8B58 /* View */,
				3F15EDA025C7FACA006D8B58 /* Presenter */,
				3F15EDD425C80DBE006D8B58 /* Assets.xcassets */,
				3F15ED8625C7F2A5006D8B58 /* LaunchScreen.storyboard */,
				3F15ED8925C7F2A5006D8B58 /* Info.plist */,
			);
			path = NewsApp;
			sourceTree = "<group>";
		};
		3F15ED9125C7F2A6006D8B58 /* NewsAppTests */ = {
			isa = PBXGroup;
			children = (
				3F15EDD625C8176F006D8B58 /* NewsPresenterTests.swift */,
				3F15EDDD25C82C7D006D8B58 /* NewsViewSpy.swift */,
				3F15ED9425C7F2A6006D8B58 /* Info.plist */,
			);
			path = NewsAppTests;
			sourceTree = "<group>";
		};
		3F15ED9D25C7FA9F006D8B58 /* App */ = {
			isa = PBXGroup;
			children = (
				3F15ED7B25C7F28E006D8B58 /* AppDelegate.swift */,
				3F15ED7D25C7F28E006D8B58 /* SceneDelegate.swift */,
			);
			path = App;
			sourceTree = "<group>";
		};
		3F15ED9E25C7FABB006D8B58 /* Model */ = {
			isa = PBXGroup;
			children = (
			);
			path = Model;
			sourceTree = "<group>";
		};
		3F15ED9F25C7FAC4006D8B58 /* View */ = {
			isa = PBXGroup;
			children = (
				3F15ED7F25C7F28E006D8B58 /* NewsViewController.swift */,
			);
			path = View;
			sourceTree = "<group>";
		};
		3F15EDA025C7FACA006D8B58 /* Presenter */ = {
			isa = PBXGroup;
			children = (
				3F15EDD825C817F7006D8B58 /* NewsPresenter.swift */,
			);
			path = Presenter;
			sourceTree = "<group>";
		};
/* End PBXGroup section */

/* Begin PBXNativeTarget section */
		3F15ED7725C7F28E006D8B58 /* NewsApp */ = {
			isa = PBXNativeTarget;
			buildConfigurationList = 3F15ED9725C7F2A6006D8B58 /* Build configuration list for PBXNativeTarget "NewsApp" */;
			buildPhases = (
				3F15ED7425C7F28E006D8B58 /* Sources */,
				3F15ED7525C7F28E006D8B58 /* Frameworks */,
				3F15ED7625C7F28E006D8B58 /* Resources */,
			);
			buildRules = (
			);
			dependencies = (
			);
			name = NewsApp;
			productName = NewsApp;
			productReference = 3F15ED7825C7F28E006D8B58 /* NewsApp.app */;
			productType = "com.apple.product-type.application";
		};
		3F15ED8D25C7F2A6006D8B58 /* NewsAppTests */ = {
			isa = PBXNativeTarget;
			buildConfigurationList = 3F15ED9A25C7F2A6006D8B58 /* Build configuration list for PBXNativeTarget "NewsAppTests" */;
			buildPhases = (
				3F15ED8A25C7F2A6006D8B58 /* Sources */,
				3F15ED8B25C7F2A6006D8B58 /* Frameworks */,
				3F15ED8C25C7F2A6006D8B58 /* Resources */,
			);
			buildRules = (
			);
			dependencies = (
				3F15ED9025C7F2A6006D8B58 /* PBXTargetDependency */,
			);
			name = NewsAppTests;
			productName = NewsAppTests;
			productReference = 3F15ED8E25C7F2A6006D8B58 /* NewsAppTests.xctest */;
			productType = "com.apple.product-type.bundle.unit-test";
		};
/* End PBXNativeTarget section */

/* Begin PBXProject section */
		3F15ED7025C7F28E006D8B58 /* Project object */ = {
			isa = PBXProject;
			attributes = {
				LastSwiftUpdateCheck = 1130;
				LastUpgradeCheck = 1130;
				ORGANIZATIONNAME = TCS;
				TargetAttributes = {
					3F15ED7725C7F28E006D8B58 = {
						CreatedOnToolsVersion = 11.3.1;
					};
					3F15ED8D25C7F2A6006D8B58 = {
						CreatedOnToolsVersion = 11.3.1;
						TestTargetID = 3F15ED7725C7F28E006D8B58;
					};
				};
			};
			buildConfigurationList = 3F15ED7325C7F28E006D8B58 /* Build configuration list for PBXProject "NewsApp" */;
			compatibilityVersion = "Xcode 9.3";
			developmentRegion = en;
			hasScannedForEncodings = 0;
			knownRegions = (
				en,
				Base,
			);
			mainGroup = 3F15ED6F25C7F28E006D8B58;
			productRefGroup = 3F15ED7925C7F28E006D8B58 /* Products */;
			projectDirPath = "";
			projectRoot = "";
			targets = (
				3F15ED7725C7F28E006D8B58 /* NewsApp */,
				3F15ED8D25C7F2A6006D8B58 /* NewsAppTests */,
			);
		};
/* End PBXProject section */

/* Begin PBXResourcesBuildPhase section */
		3F15ED7625C7F28E006D8B58 /* Resources */ = {
			isa = PBXResourcesBuildPhase;
			buildActionMask = 2147483647;
			files = (
				3F15EDD525C80DBE006D8B58 /* Assets.xcassets in Resources */,
				3F15ED8825C7F2A5006D8B58 /* LaunchScreen.storyboard in Resources */,
			);
			runOnlyForDeploymentPostprocessing = 0;
		};
		3F15ED8C25C7F2A6006D8B58 /* Resources */ = {
			isa = PBXResourcesBuildPhase;
			buildActionMask = 2147483647;
			files = (
			);
			runOnlyForDeploymentPostprocessing = 0;
		};
/* End PBXResourcesBuildPhase section */

/* Begin PBXSourcesBuildPhase section */
		3F15ED7425C7F28E006D8B58 /* Sources */ = {
			isa = PBXSourcesBuildPhase;
			buildActionMask = 2147483647;
			files = (
				3F15ED8025C7F28E006D8B58 /* NewsViewController.swift in Sources */,
				3F15ED7C25C7F28E006D8B58 /* AppDelegate.swift in Sources */,
				3F15ED7E25C7F28E006D8B58 /* SceneDelegate.swift in Sources */,
				3F15EDD925C817F7006D8B58 /* NewsPresenter.swift in Sources */,
			);
			runOnlyForDeploymentPostprocessing = 0;
		};
		3F15ED8A25C7F2A6006D8B58 /* Sources */ = {
			isa = PBXSourcesBuildPhase;
			buildActionMask = 2147483647;
			files = (
				3F15EDDE25C82C7D006D8B58 /* NewsViewSpy.swift in Sources */,
				3F15EDD725C8176F006D8B58 /* NewsPresenterTests.swift in Sources */,
			);
			runOnlyForDeploymentPostprocessing = 0;
		};
/* End PBXSourcesBuildPhase section */

/* Begin PBXTargetDependency section */
		3F15ED9025C7F2A6006D8B58 /* PBXTargetDependency */ = {
			isa = PBXTargetDependency;
			target = 3F15ED7725C7F28E006D8B58 /* NewsApp */;
			targetProxy = 3F15ED8F25C7F2A6006D8B58 /* PBXContainerItemProxy */;
		};
/* End PBXTargetDependency section */

/* Begin PBXVariantGroup section */
		3F15ED8625C7F2A5006D8B58 /* LaunchScreen.storyboard */ = {
			isa = PBXVariantGroup;
			children = (
				3F15ED8725C7F2A5006D8B58 /* Base */,
			);
			name = LaunchScreen.storyboard;
			sourceTree = "<group>";
		};
/* End PBXVariantGroup section */

/* Begin XCBuildConfiguration section */
		3F15ED9525C7F2A6006D8B58 /* Debug */ = {
			isa = XCBuildConfiguration;
			buildSettings = {
				ALWAYS_SEARCH_USER_PATHS = NO;
				CLANG_ANALYZER_NONNULL = YES;
				CLANG_ANALYZER_NUMBER_OBJECT_CONVERSION = YES_AGGRESSIVE;
				CLANG_CXX_LANGUAGE_STANDARD = "gnu++14";
				CLANG_CXX_LIBRARY = "libc++";
				CLANG_ENABLE_MODULES = YES;
				CLANG_ENABLE_OBJC_ARC = YES;
				CLANG_ENABLE_OBJC_WEAK = YES;
				CLANG_WARN_BLOCK_CAPTURE_AUTORELEASING = YES;
				CLANG_WARN_BOOL_CONVERSION = YES;
				CLANG_WARN_COMMA = YES;
				CLANG_WARN_CONSTANT_CONVERSION = YES;
				CLANG_WARN_DEPRECATED_OBJC_IMPLEMENTATIONS = YES;
				CLANG_WARN_DIRECT_OBJC_ISA_USAGE = YES_ERROR;
				CLANG_WARN_DOCUMENTATION_COMMENTS = YES;
				CLANG_WARN_EMPTY_BODY = YES;
				CLANG_WARN_ENUM_CONVERSION = YES;
				CLANG_WARN_INFINITE_RECURSION = YES;
				CLANG_WARN_INT_CONVERSION = YES;
				CLANG_WARN_NON_LITERAL_NULL_CONVERSION = YES;
				CLANG_WARN_OBJC_IMPLICIT_RETAIN_SELF = YES;
				CLANG_WARN_OBJC_LITERAL_CONVERSION = YES;
				CLANG_WARN_OBJC_ROOT_CLASS = YES_ERROR;
				CLANG_WARN_RANGE_LOOP_ANALYSIS = YES;
				CLANG_WARN_STRICT_PROTOTYPES = YES;
				CLANG_WARN_SUSPICIOUS_MOVE = YES;
				CLANG_WARN_UNGUARDED_AVAILABILITY = YES_AGGRESSIVE;
				CLANG_WARN_UNREACHABLE_CODE = YES;
				CLANG_WARN__DUPLICATE_METHOD_MATCH = YES;
				COPY_PHASE_STRIP = NO;
				DEBUG_INFORMATION_FORMAT = dwarf;
				ENABLE_STRICT_OBJC_MSGSEND = YES;
				ENABLE_TESTABILITY = YES;
				GCC_C_LANGUAGE_STANDARD = gnu11;
				GCC_DYNAMIC_NO_PIC = NO;
				GCC_NO_COMMON_BLOCKS = YES;
				GCC_OPTIMIZATION_LEVEL = 0;
				GCC_PREPROCESSOR_DEFINITIONS = (
					"DEBUG=1",
					"$(inherited)",
				);
				GCC_WARN_64_TO_32_BIT_CONVERSION = YES;
				GCC_WARN_ABOUT_RETURN_TYPE = YES_ERROR;
				GCC_WARN_UNDECLARED_SELECTOR = YES;
				GCC_WARN_UNINITIALIZED_AUTOS = YES_AGGRESSIVE;
				GCC_WARN_UNUSED_FUNCTION = YES;
				GCC_WARN_UNUSED_VARIABLE = YES;
				IPHONEOS_DEPLOYMENT_TARGET = 13.2;
				MTL_ENABLE_DEBUG_INFO = INCLUDE_SOURCE;
				MTL_FAST_MATH = YES;
				ONLY_ACTIVE_ARCH = YES;
				SDKROOT = iphoneos;
				SWIFT_ACTIVE_COMPILATION_CONDITIONS = DEBUG;
				SWIFT_OPTIMIZATION_LEVEL = "-Onone";
			};
			name = Debug;
		};
		3F15ED9625C7F2A6006D8B58 /* Release */ = {
			isa = XCBuildConfiguration;
			buildSettings = {
				ALWAYS_SEARCH_USER_PATHS = NO;
				CLANG_ANALYZER_NONNULL = YES;
				CLANG_ANALYZER_NUMBER_OBJECT_CONVERSION = YES_AGGRESSIVE;
				CLANG_CXX_LANGUAGE_STANDARD = "gnu++14";
				CLANG_CXX_LIBRARY = "libc++";
				CLANG_ENABLE_MODULES = YES;
				CLANG_ENABLE_OBJC_ARC = YES;
				CLANG_ENABLE_OBJC_WEAK = YES;
				CLANG_WARN_BLOCK_CAPTURE_AUTORELEASING = YES;
				CLANG_WARN_BOOL_CONVERSION = YES;
				CLANG_WARN_COMMA = YES;
				CLANG_WARN_CONSTANT_CONVERSION = YES;
				CLANG_WARN_DEPRECATED_OBJC_IMPLEMENTATIONS = YES;
				CLANG_WARN_DIRECT_OBJC_ISA_USAGE = YES_ERROR;
				CLANG_WARN_DOCUMENTATION_COMMENTS = YES;
				CLANG_WARN_EMPTY_BODY = YES;
				CLANG_WARN_ENUM_CONVERSION = YES;
				CLANG_WARN_INFINITE_RECURSION = YES;
				CLANG_WARN_INT_CONVERSION = YES;
				CLANG_WARN_NON_LITERAL_NULL_CONVERSION = YES;
				CLANG_WARN_OBJC_IMPLICIT_RETAIN_SELF = YES;
				CLANG_WARN_OBJC_LITERAL_CONVERSION = YES;
				CLANG_WARN_OBJC_ROOT_CLASS = YES_ERROR;
				CLANG_WARN_RANGE_LOOP_ANALYSIS = YES;
				CLANG_WARN_STRICT_PROTOTYPES = YES;
				CLANG_WARN_SUSPICIOUS_MOVE = YES;
				CLANG_WARN_UNGUARDED_AVAILABILITY = YES_AGGRESSIVE;
				CLANG_WARN_UNREACHABLE_CODE = YES;
				CLANG_WARN__DUPLICATE_METHOD_MATCH = YES;
				COPY_PHASE_STRIP = NO;
				DEBUG_INFORMATION_FORMAT = "dwarf-with-dsym";
				ENABLE_NS_ASSERTIONS = NO;
				ENABLE_STRICT_OBJC_MSGSEND = YES;
				GCC_C_LANGUAGE_STANDARD = gnu11;
				GCC_NO_COMMON_BLOCKS = YES;
				GCC_WARN_64_TO_32_BIT_CONVERSION = YES;
				GCC_WARN_ABOUT_RETURN_TYPE = YES_ERROR;
				GCC_WARN_UNDECLARED_SELECTOR = YES;
				GCC_WARN_UNINITIALIZED_AUTOS = YES_AGGRESSIVE;
				GCC_WARN_UNUSED_FUNCTION = YES;
				GCC_WARN_UNUSED_VARIABLE = YES;
				IPHONEOS_DEPLOYMENT_TARGET = 13.2;
				MTL_ENABLE_DEBUG_INFO = NO;
				MTL_FAST_MATH = YES;
				SDKROOT = iphoneos;
				SWIFT_COMPILATION_MODE = wholemodule;
				SWIFT_OPTIMIZATION_LEVEL = "-O";
				VALIDATE_PRODUCT = YES;
			};
			name = Release;
		};
		3F15ED9825C7F2A6006D8B58 /* Debug */ = {
			isa = XCBuildConfiguration;
			buildSettings = {
				ASSETCATALOG_COMPILER_APPICON_NAME = AppIcon;
				CODE_SIGN_STYLE = Automatic;
				INFOPLIST_FILE = NewsApp/Info.plist;
				LD_RUNPATH_SEARCH_PATHS = (
					"$(inherited)",
					"@executable_path/Frameworks",
				);
				PRODUCT_BUNDLE_IDENTIFIER = com.tcs.NewsApp;
				PRODUCT_NAME = "$(TARGET_NAME)";
				SWIFT_VERSION = 5.0;
				TARGETED_DEVICE_FAMILY = 1;
			};
			name = Debug;
		};
		3F15ED9925C7F2A6006D8B58 /* Release */ = {
			isa = XCBuildConfiguration;
			buildSettings = {
				ASSETCATALOG_COMPILER_APPICON_NAME = AppIcon;
				CODE_SIGN_STYLE = Automatic;
				INFOPLIST_FILE = NewsApp/Info.plist;
				LD_RUNPATH_SEARCH_PATHS = (
					"$(inherited)",
					"@executable_path/Frameworks",
				);
				PRODUCT_BUNDLE_IDENTIFIER = com.tcs.NewsApp;
				PRODUCT_NAME = "$(TARGET_NAME)";
				SWIFT_VERSION = 5.0;
				TARGETED_DEVICE_FAMILY = 1;
			};
			name = Release;
		};
		3F15ED9B25C7F2A6006D8B58 /* Debug */ = {
			isa = XCBuildConfiguration;
			buildSettings = {
				ALWAYS_EMBED_SWIFT_STANDARD_LIBRARIES = YES;
				BUNDLE_LOADER = "$(TEST_HOST)";
				CODE_SIGN_STYLE = Automatic;
				INFOPLIST_FILE = NewsAppTests/Info.plist;
				IPHONEOS_DEPLOYMENT_TARGET = 13.2;
				LD_RUNPATH_SEARCH_PATHS = (
					"$(inherited)",
					"@executable_path/Frameworks",
					"@loader_path/Frameworks",
				);
				PRODUCT_BUNDLE_IDENTIFIER = com.tcs.NewsAppTests;
				PRODUCT_NAME = "$(TARGET_NAME)";
				SWIFT_VERSION = 5.0;
				TARGETED_DEVICE_FAMILY = "1,2";
				TEST_HOST = "$(BUILT_PRODUCTS_DIR)/NewsApp.app/NewsApp";
			};
			name = Debug;
		};
		3F15ED9C25C7F2A6006D8B58 /* Release */ = {
			isa = XCBuildConfiguration;
			buildSettings = {
				ALWAYS_EMBED_SWIFT_STANDARD_LIBRARIES = YES;
				BUNDLE_LOADER = "$(TEST_HOST)";
				CODE_SIGN_STYLE = Automatic;
				INFOPLIST_FILE = NewsAppTests/Info.plist;
				IPHONEOS_DEPLOYMENT_TARGET = 13.2;
				LD_RUNPATH_SEARCH_PATHS = (
					"$(inherited)",
					"@executable_path/Frameworks",
					"@loader_path/Frameworks",
				);
				PRODUCT_BUNDLE_IDENTIFIER = com.tcs.NewsAppTests;
				PRODUCT_NAME = "$(TARGET_NAME)";
				SWIFT_VERSION = 5.0;
				TARGETED_DEVICE_FAMILY = "1,2";
				TEST_HOST = "$(BUILT_PRODUCTS_DIR)/NewsApp.app/NewsApp";
			};
			name = Release;
		};
/* End XCBuildConfiguration section */

/* Begin XCConfigurationList section */
		3F15ED7325C7F28E006D8B58 /* Build configuration list for PBXProject "NewsApp" */ = {
			isa = XCConfigurationList;
			buildConfigurations = (
				3F15ED9525C7F2A6006D8B58 /* Debug */,
				3F15ED9625C7F2A6006D8B58 /* Release */,
			);
			defaultConfigurationIsVisible = 0;
			defaultConfigurationName = Release;
		};
		3F15ED9725C7F2A6006D8B58 /* Build configuration list for PBXNativeTarget "NewsApp" */ = {
			isa = XCConfigurationList;
			buildConfigurations = (
				3F15ED9825C7F2A6006D8B58 /* Debug */,
				3F15ED9925C7F2A6006D8B58 /* Release */,
			);
			defaultConfigurationIsVisible = 0;
			defaultConfigurationName = Release;
		};
		3F15ED9A25C7F2A6006D8B58 /* Build configuration list for PBXNativeTarget "NewsAppTests" */ = {
			isa = XCConfigurationList;
			buildConfigurations = (
				3F15ED9B25C7F2A6006D8B58 /* Debug */,
				3F15ED9C25C7F2A6006D8B58 /* Release */,
			);
			defaultConfigurationIsVisible = 0;
			defaultConfigurationName = Release;
		};
/* End XCConfigurationList section */
	};
	rootObject = 3F15ED7025C7F28E006D8B58 /* Project object */;
}
